{
    "_readme": [
        "This file locks the dependencies of your project to a known state",
        "Read more about it at https://getcomposer.org/doc/01-basic-usage.md#installing-dependencies",
        "This file is @generated automatically"
    ],
    "content-hash": "9d4fd52952c2b88bb70565a656db9b1a",
    "packages": [
        {
            "name": "sectoroverload2k/rest-router",
            "version": "0.1.1",
            "source": {
                "type": "git",
                "url": "https://github.com/sectoroverload2k/rest-router.git",
                "reference": "d7442ea1cc7d245a4c36a3b017e479be0620bb3d"
            },
            "dist": {
                "type": "zip",
                "url": "https://api.github.com/repos/sectoroverload2k/rest-router/zipball/d7442ea1cc7d245a4c36a3b017e479be0620bb3d",
                "reference": "d7442ea1cc7d245a4c36a3b017e479be0620bb3d",
                "shasum": ""
            },
            "require": {
                "php": ">=8.0.0"
            },
            "type": "library",
            "autoload": {
                "psr-4": {
                    "RestRouter\\": "src/"
                }
            },
            "notification-url": "https://packagist.org/downloads/",
            "license": [
                "MIT"
            ],
            "authors": [
                {
                    "name": "Anthony Linsday",
                    "email": "anthony@linsday.net"
                }
            ],
            "description": "PHP Library for REST API",
            "keywords": [
                "api",
                "rest"
            ],
            "support": {
                "issues": "https://github.com/sectoroverload2k/rest-router/issues",
                "source": "https://github.com/sectoroverload2k/rest-router/tree/0.1.1"
            },
            "time": "2024-08-20T16:11:19+00:00"
        }
    ],
    "packages-dev": [],
    "aliases": [],
    "minimum-stability": "stable",
    "stability-flags": [],
    "prefer-stable": false,
    "prefer-lowest": false,
    "platform": {
        "php": ">=8.0.0"
    },
    "platform-dev": [],
    "plugin-api-version": "2.6.0"
}
