{
    "_readme": [
        "This file locks the dependencies of your project to a known state",
        "Read more about it at https://getcomposer.org/doc/01-basic-usage.md#installing-dependencies",
        "This file is @generated automatically"
    ],
    "content-hash": "3791a10b7b5fd606e4f8784a135b8cb5",
    "packages": [
        {
            "name": "sectoroverload2k/rest-router",
            "version": "1.1.2",
            "source": {
                "type": "git",
                "url": "https://github.com/sectoroverload2k/rest-router.git",
                "reference": "3ebfcfe9375df250f1646d11df5906c6184b5b28"
            },
            "dist": {
                "type": "zip",
                "url": "https://api.github.com/repos/sectoroverload2k/rest-router/zipball/3ebfcfe9375df250f1646d11df5906c6184b5b28",
                "reference": "3ebfcfe9375df250f1646d11df5906c6184b5b28",
                "shasum": ""
            },
            "require": {
                "php": ">=8.0.0"
            },
            "type": "library",
            "autoload": {
                "psr-4": {
                    "RestRouter\\": "src/"
                }
            },
            "notification-url": "https://packagist.org/downloads/",
            "license": [
                "MIT"
            ],
            "authors": [
                {
                    "name": "Anthony Linsday",
                    "email": "anthony@linsday.net"
                }
            ],
            "description": "PHP Library for REST API",
            "keywords": [
                "api",
                "rest"
            ],
            "support": {
                "issues": "https://github.com/sectoroverload2k/rest-router/issues",
                "source": "https://github.com/sectoroverload2k/rest-router/tree/1.1.2"
            },
            "time": "2024-12-17T20:49:54+00:00"
        }
    ],
    "packages-dev": [],
    "aliases": [],
    "minimum-stability": "stable",
    "stability-flags": [],
    "prefer-stable": false,
    "prefer-lowest": false,
    "platform": {
        "php": ">=8.0.0"
    },
    "platform-dev": [],
    "plugin-api-version": "2.6.0"
}
